
Microsoft Visual Studio Solution File, Format Version 12.00
# Visual Studio Version 17
VisualStudioVersion = 17.0.31919.166
MinimumVisualStudioVersion = 10.0.40219.1
Project("{9A19103F-16F7-4668-BE54-9A1E7A4F7556}") = "support-system", "support-system\support-system.csproj", "{24454D50-C132-4A55-8972-DFBDAACF189D}"
EndProject
Project("{FAE04EC0-301F-11D3-BF4B-00C04F79EFBC}") = "support-system-unittest", "support-system-unittest\support-system-unittest.csproj", "{8306AE34-8738-47DE-B2B6-BCA99D97CBDD}"
EndProject
Global
	GlobalSection(SolutionConfigurationPlatforms) = preSolution
		Debug|Any CPU = Debug|Any CPU
		Release|Any CPU = Release|Any CPU
	EndGlobalSection
	GlobalSection(ProjectConfigurationPlatforms) = postSolution
		{24454D50-C132-4A55-8972-DFBDAACF189D}.Debug|Any CPU.ActiveCfg = Debug|Any CPU
		{24454D50-C132-4A55-8972-DFBDAACF189D}.Debug|Any CPU.Build.0 = Debug|Any CPU
		{24454D50-C132-4A55-8972-DFBDAACF189D}.Release|Any CPU.ActiveCfg = Release|Any CPU
		{24454D50-C132-4A55-8972-DFBDAACF189D}.Release|Any CPU.Build.0 = Release|Any CPU
		{8306AE34-8738-47DE-B2B6-BCA99D97CBDD}.Debug|Any CPU.ActiveCfg = Debug|Any CPU
		{8306AE34-8738-47DE-B2B6-BCA99D97CBDD}.Debug|Any CPU.Build.0 = Debug|Any CPU
		{8306AE34-8738-47DE-B2B6-BCA99D97CBDD}.Release|Any CPU.ActiveCfg = Release|Any CPU
		{8306AE34-8738-47DE-B2B6-BCA99D97CBDD}.Release|Any CPU.Build.0 = Release|Any CPU
	EndGlobalSection
	GlobalSection(SolutionProperties) = preSolution
		HideSolutionNode = FALSE
	EndGlobalSection
	GlobalSection(ExtensibilityGlobals) = postSolution
		SolutionGuid = {6A29B913-6954-40B4-961D-F324D851E52F}
	EndGlobalSection
EndGlobal
